
Microsoft Visual Studio Solution File, Format Version 12.00
# Visual Studio 15
VisualStudioVersion = 15.0.28307.539
MinimumVisualStudioVersion = 10.0.40219.1
Project("{FAE04EC0-301F-11D3-BF4B-00C04F79EFBC}") = "CoffeeVending", "CoffeeVending\CoffeeVending.csproj", "{B741D303-427B-436D-862F-5294F96519B6}"
EndProject
Global
	GlobalSection(SolutionConfigurationPlatforms) = preSolution
		Debug|Any CPU = Debug|Any CPU
		Release|Any CPU = Release|Any CPU
	EndGlobalSection
	GlobalSection(ProjectConfigurationPlatforms) = postSolution
		{B741D303-427B-436D-862F-5294F96519B6}.Debug|Any CPU.ActiveCfg = Debug|Any CPU
		{B741D303-427B-436D-862F-5294F96519B6}.Debug|Any CPU.Build.0 = Debug|Any CPU
		{B741D303-427B-436D-862F-5294F96519B6}.Release|Any CPU.ActiveCfg = Release|Any CPU
		{B741D303-427B-436D-862F-5294F96519B6}.Release|Any CPU.Build.0 = Release|Any CPU
	EndGlobalSection
	GlobalSection(SolutionProperties) = preSolution
		HideSolutionNode = FALSE
	EndGlobalSection
	GlobalSection(ExtensibilityGlobals) = postSolution
		SolutionGuid = {6FD9E890-7D14-4CE7-8FD4-1D0DC45B9797}
	EndGlobalSection
EndGlobal
