
Microsoft Visual Studio Solution File, Format Version 12.00
# Visual Studio 15
VisualStudioVersion = 15.0.28307.539
MinimumVisualStudioVersion = 10.0.40219.1
Project("{FAE04EC0-301F-11D3-BF4B-00C04F79EFBC}") = "problem3", "problem3\problem3.csproj", "{8347C29B-C1FA-4F1C-934C-498081661EC3}"
EndProject
Global
	GlobalSection(SolutionConfigurationPlatforms) = preSolution
		Debug|Any CPU = Debug|Any CPU
		Release|Any CPU = Release|Any CPU
	EndGlobalSection
	GlobalSection(ProjectConfigurationPlatforms) = postSolution
		{8347C29B-C1FA-4F1C-934C-498081661EC3}.Debug|Any CPU.ActiveCfg = Debug|Any CPU
		{8347C29B-C1FA-4F1C-934C-498081661EC3}.Debug|Any CPU.Build.0 = Debug|Any CPU
		{8347C29B-C1FA-4F1C-934C-498081661EC3}.Release|Any CPU.ActiveCfg = Release|Any CPU
		{8347C29B-C1FA-4F1C-934C-498081661EC3}.Release|Any CPU.Build.0 = Release|Any CPU
	EndGlobalSection
	GlobalSection(SolutionProperties) = preSolution
		HideSolutionNode = FALSE
	EndGlobalSection
	GlobalSection(ExtensibilityGlobals) = postSolution
		SolutionGuid = {52E8C23B-0AA0-43F3-8CBB-0DD8D9F876D4}
	EndGlobalSection
EndGlobal
