
Microsoft Visual Studio Solution File, Format Version 12.00
# Visual Studio 15
VisualStudioVersion = 15.0.28307.539
MinimumVisualStudioVersion = 10.0.40219.1
Project("{FAE04EC0-301F-11D3-BF4B-00C04F79EFBC}") = "project7", "project7\project7.csproj", "{285C7D8C-C666-403E-9D76-7C7510CABB8B}"
EndProject
Global
	GlobalSection(SolutionConfigurationPlatforms) = preSolution
		Debug|Any CPU = Debug|Any CPU
		Release|Any CPU = Release|Any CPU
	EndGlobalSection
	GlobalSection(ProjectConfigurationPlatforms) = postSolution
		{285C7D8C-C666-403E-9D76-7C7510CABB8B}.Debug|Any CPU.ActiveCfg = Debug|Any CPU
		{285C7D8C-C666-403E-9D76-7C7510CABB8B}.Debug|Any CPU.Build.0 = Debug|Any CPU
		{285C7D8C-C666-403E-9D76-7C7510CABB8B}.Release|Any CPU.ActiveCfg = Release|Any CPU
		{285C7D8C-C666-403E-9D76-7C7510CABB8B}.Release|Any CPU.Build.0 = Release|Any CPU
	EndGlobalSection
	GlobalSection(SolutionProperties) = preSolution
		HideSolutionNode = FALSE
	EndGlobalSection
	GlobalSection(ExtensibilityGlobals) = postSolution
		SolutionGuid = {EDE19011-B524-46BC-A9F7-E6BF51636B9C}
	EndGlobalSection
EndGlobal
