
Microsoft Visual Studio Solution File, Format Version 12.00
# Visual Studio 15
VisualStudioVersion = 15.0.28307.539
MinimumVisualStudioVersion = 10.0.40219.1
Project("{FAE04EC0-301F-11D3-BF4B-00C04F79EFBC}") = "project6", "project6\project6.csproj", "{C5B0DF7D-7340-40E8-9D54-9D163D748537}"
EndProject
Global
	GlobalSection(SolutionConfigurationPlatforms) = preSolution
		Debug|Any CPU = Debug|Any CPU
		Release|Any CPU = Release|Any CPU
	EndGlobalSection
	GlobalSection(ProjectConfigurationPlatforms) = postSolution
		{C5B0DF7D-7340-40E8-9D54-9D163D748537}.Debug|Any CPU.ActiveCfg = Debug|Any CPU
		{C5B0DF7D-7340-40E8-9D54-9D163D748537}.Debug|Any CPU.Build.0 = Debug|Any CPU
		{C5B0DF7D-7340-40E8-9D54-9D163D748537}.Release|Any CPU.ActiveCfg = Release|Any CPU
		{C5B0DF7D-7340-40E8-9D54-9D163D748537}.Release|Any CPU.Build.0 = Release|Any CPU
	EndGlobalSection
	GlobalSection(SolutionProperties) = preSolution
		HideSolutionNode = FALSE
	EndGlobalSection
	GlobalSection(ExtensibilityGlobals) = postSolution
		SolutionGuid = {8C6AAFC8-650D-4859-923C-50564FADFDF5}
	EndGlobalSection
EndGlobal
