
Microsoft Visual Studio Solution File, Format Version 12.00
# Visual Studio 15
VisualStudioVersion = 15.0.28307.539
MinimumVisualStudioVersion = 10.0.40219.1
Project("{FAE04EC0-301F-11D3-BF4B-00C04F79EFBC}") = "VehicleQues", "Vehicle.cs\VehicleQues.csproj", "{06C910EE-FE24-4C03-B4A6-18618B3CA3ED}"
EndProject
Global
	GlobalSection(SolutionConfigurationPlatforms) = preSolution
		Debug|Any CPU = Debug|Any CPU
		Release|Any CPU = Release|Any CPU
	EndGlobalSection
	GlobalSection(ProjectConfigurationPlatforms) = postSolution
		{06C910EE-FE24-4C03-B4A6-18618B3CA3ED}.Debug|Any CPU.ActiveCfg = Debug|Any CPU
		{06C910EE-FE24-4C03-B4A6-18618B3CA3ED}.Debug|Any CPU.Build.0 = Debug|Any CPU
		{06C910EE-FE24-4C03-B4A6-18618B3CA3ED}.Release|Any CPU.ActiveCfg = Release|Any CPU
		{06C910EE-FE24-4C03-B4A6-18618B3CA3ED}.Release|Any CPU.Build.0 = Release|Any CPU
	EndGlobalSection
	GlobalSection(SolutionProperties) = preSolution
		HideSolutionNode = FALSE
	EndGlobalSection
	GlobalSection(ExtensibilityGlobals) = postSolution
		SolutionGuid = {C3421BE5-D359-4AB7-9EF3-8EF053A389D3}
	EndGlobalSection
EndGlobal
